
Microsoft Visual Studio Solution File, Format Version 12.00
# Visual Studio Version 16
VisualStudioVersion = 16.0.32802.440
MinimumVisualStudioVersion = 10.0.40219.1
Project("{FAE04EC0-301F-11D3-BF4B-00C04F79EFBC}") = "RUAP_LV4", "RUAP_LV4\RUAP_LV4.csproj", "{F1734D61-268C-49D1-9438-E32ABC2953F0}"
EndProject
Global
	GlobalSection(SolutionConfigurationPlatforms) = preSolution
		Debug|Any CPU = Debug|Any CPU
		Release|Any CPU = Release|Any CPU
	EndGlobalSection
	GlobalSection(ProjectConfigurationPlatforms) = postSolution
		{F1734D61-268C-49D1-9438-E32ABC2953F0}.Debug|Any CPU.ActiveCfg = Debug|Any CPU
		{F1734D61-268C-49D1-9438-E32ABC2953F0}.Debug|Any CPU.Build.0 = Debug|Any CPU
		{F1734D61-268C-49D1-9438-E32ABC2953F0}.Release|Any CPU.ActiveCfg = Release|Any CPU
		{F1734D61-268C-49D1-9438-E32ABC2953F0}.Release|Any CPU.Build.0 = Release|Any CPU
	EndGlobalSection
	GlobalSection(SolutionProperties) = preSolution
		HideSolutionNode = FALSE
	EndGlobalSection
	GlobalSection(ExtensibilityGlobals) = postSolution
		SolutionGuid = {E8EC75DA-90F1-44DC-B050-19D868E0BF35}
	EndGlobalSection
EndGlobal
